
Microsoft Visual Studio Solution File, Format Version 12.00
# Visual Studio Version 17
VisualStudioVersion = 17.1.32210.238
MinimumVisualStudioVersion = 10.0.40219.1
Project("{8BC9CEB8-8B4A-11D0-8D11-00A0C91BC942}") = "Quiz Game", "Quiz Game\Quiz Game.vcxproj", "{30086323-2D26-4FBB-970C-719EDCA8B3C9}"
EndProject
Global
	GlobalSection(SolutionConfigurationPlatforms) = preSolution
		Debug|x64 = Debug|x64
		Debug|x86 = Debug|x86
		Release|x64 = Release|x64
		Release|x86 = Release|x86
	EndGlobalSection
	GlobalSection(ProjectConfigurationPlatforms) = postSolution
		{30086323-2D26-4FBB-970C-719EDCA8B3C9}.Debug|x64.ActiveCfg = Debug|x64
		{30086323-2D26-4FBB-970C-719EDCA8B3C9}.Debug|x64.Build.0 = Debug|x64
		{30086323-2D26-4FBB-970C-719EDCA8B3C9}.Debug|x86.ActiveCfg = Debug|Win32
		{30086323-2D26-4FBB-970C-719EDCA8B3C9}.Debug|x86.Build.0 = Debug|Win32
		{30086323-2D26-4FBB-970C-719EDCA8B3C9}.Release|x64.ActiveCfg = Release|x64
		{30086323-2D26-4FBB-970C-719EDCA8B3C9}.Release|x64.Build.0 = Release|x64
		{30086323-2D26-4FBB-970C-719EDCA8B3C9}.Release|x86.ActiveCfg = Release|Win32
		{30086323-2D26-4FBB-970C-719EDCA8B3C9}.Release|x86.Build.0 = Release|Win32
	EndGlobalSection
	GlobalSection(SolutionProperties) = preSolution
		HideSolutionNode = FALSE
	EndGlobalSection
	GlobalSection(ExtensibilityGlobals) = postSolution
		SolutionGuid = {A912526F-6F84-4C34-BD50-41BFFC4AC9D3}
	EndGlobalSection
EndGlobal
